// !$*UTF8*$!
{
	archiveVersion = 1;
	classes = {
	};
	objectVersion = 46;
	objects = {

/* Begin PBXBuildFile section */
		076A8306D15923F4457652F2 /* Pods_scrum_ios.framework in Frameworks */ = {isa = PBXBuildFile; fileRef = BF7B41E7C38194D96D34FF90 /* Pods_scrum_ios.framework */; };
		B33A65BA1E4A8F3B00EED41A /* AppDelegate.swift in Sources */ = {isa = PBXBuildFile; fileRef = B33A65B91E4A8F3B00EED41A /* AppDelegate.swift */; };
		B33A65BC1E4A8F3B00EED41A /* ViewController.swift in Sources */ = {isa = PBXBuildFile; fileRef = B33A65BB1E4A8F3B00EED41A /* ViewController.swift */; };
		B33A65BF1E4A8F3B00EED41A /* Main.storyboard in Resources */ = {isa = PBXBuildFile; fileRef = B33A65BD1E4A8F3B00EED41A /* Main.storyboard */; };
		B33A65C11E4A8F3B00EED41A /* Assets.xcassets in Resources */ = {isa = PBXBuildFile; fileRef = B33A65C01E4A8F3B00EED41A /* Assets.xcassets */; };
		B33A65C41E4A8F3B00EED41A /* LaunchScreen.storyboard in Resources */ = {isa = PBXBuildFile; fileRef = B33A65C21E4A8F3B00EED41A /* LaunchScreen.storyboard */; };
		B33A65CC1E4A92D300EED41A /* Register.storyboard in Resources */ = {isa = PBXBuildFile; fileRef = B33A65CB1E4A92D300EED41A /* Register.storyboard */; };
		B3630E711E7872E40014768D /* RegisterViewController.swift in Sources */ = {isa = PBXBuildFile; fileRef = B3630E701E7872E40014768D /* RegisterViewController.swift */; };
		B3630E731E78769A0014768D /* LevelsViewController.swift in Sources */ = {isa = PBXBuildFile; fileRef = B3630E721E78769A0014768D /* LevelsViewController.swift */; };
		B3630E751E7876A60014768D /* ProfileViewController.swift in Sources */ = {isa = PBXBuildFile; fileRef = B3630E741E7876A60014768D /* ProfileViewController.swift */; };
		B3630E771E7876B10014768D /* ConfigurationViewController.swift in Sources */ = {isa = PBXBuildFile; fileRef = B3630E761E7876B10014768D /* ConfigurationViewController.swift */; };
		B36D0B3D1E78C36D0096E634 /* Levels.storyboard in Resources */ = {isa = PBXBuildFile; fileRef = B36D0B3C1E78C36D0096E634 /* Levels.storyboard */; };
		B371F1F11E82C21900F1990A /* BigLevelCollectionViewCell.swift in Sources */ = {isa = PBXBuildFile; fileRef = B371F1EF1E82C21900F1990A /* BigLevelCollectionViewCell.swift */; };
		B371F1F21E82C21900F1990A /* BigLevelCollectionViewCell.xib in Resources */ = {isa = PBXBuildFile; fileRef = B371F1F01E82C21900F1990A /* BigLevelCollectionViewCell.xib */; };
		B371F1F61E831C6E00F1990A /* Montserrat-Bold.ttf in Resources */ = {isa = PBXBuildFile; fileRef = B371F1F41E831C5C00F1990A /* Montserrat-Bold.ttf */; };
		B371F1F71E831C7200F1990A /* Montserrat-Regular.ttf in Resources */ = {isa = PBXBuildFile; fileRef = B371F1F51E831C5C00F1990A /* Montserrat-Regular.ttf */; };
		B3D363221E836A74003DB3ED /* SubLevel.storyboard in Resources */ = {isa = PBXBuildFile; fileRef = B3D363211E836A74003DB3ED /* SubLevel.storyboard */; };
		B3D363251E836BCE003DB3ED /* SubLevelCollectionViewCell.swift in Sources */ = {isa = PBXBuildFile; fileRef = B3D363231E836BCE003DB3ED /* SubLevelCollectionViewCell.swift */; };
		B3D363261E836BCE003DB3ED /* SubLevelCollectionViewCell.xib in Resources */ = {isa = PBXBuildFile; fileRef = B3D363241E836BCE003DB3ED /* SubLevelCollectionViewCell.xib */; };
/* End PBXBuildFile section */

/* Begin PBXFileReference section */
		03E19FBE8DBB34FDDD09A885 /* Pods-scrum-ios.debug.xcconfig */ = {isa = PBXFileReference; includeInIndex = 1; lastKnownFileType = text.xcconfig; name = "Pods-scrum-ios.debug.xcconfig"; path = "Pods/Target Support Files/Pods-scrum-ios/Pods-scrum-ios.debug.xcconfig"; sourceTree = "<group>"; };
		991A52B548E1232C98EA349D /* Pods-scrum-ios.release.xcconfig */ = {isa = PBXFileReference; includeInIndex = 1; lastKnownFileType = text.xcconfig; name = "Pods-scrum-ios.release.xcconfig"; path = "Pods/Target Support Files/Pods-scrum-ios/Pods-scrum-ios.release.xcconfig"; sourceTree = "<group>"; };
		B33A65B61E4A8F3B00EED41A /* scrum-ios.app */ = {isa = PBXFileReference; explicitFileType = wrapper.application; includeInIndex = 0; path = "scrum-ios.app"; sourceTree = BUILT_PRODUCTS_DIR; };
		B33A65B91E4A8F3B00EED41A /* AppDelegate.swift */ = {isa = PBXFileReference; lastKnownFileType = sourcecode.swift; path = AppDelegate.swift; sourceTree = "<group>"; };
		B33A65BB1E4A8F3B00EED41A /* ViewController.swift */ = {isa = PBXFileReference; lastKnownFileType = sourcecode.swift; path = ViewController.swift; sourceTree = "<group>"; };
		B33A65BE1E4A8F3B00EED41A /* Base */ = {isa = PBXFileReference; lastKnownFileType = file.storyboard; name = Base; path = Base.lproj/Main.storyboard; sourceTree = "<group>"; };
		B33A65C01E4A8F3B00EED41A /* Assets.xcassets */ = {isa = PBXFileReference; lastKnownFileType = folder.assetcatalog; path = Assets.xcassets; sourceTree = "<group>"; };
		B33A65C31E4A8F3B00EED41A /* Base */ = {isa = PBXFileReference; lastKnownFileType = file.storyboard; name = Base; path = Base.lproj/LaunchScreen.storyboard; sourceTree = "<group>"; };
		B33A65C51E4A8F3B00EED41A /* Info.plist */ = {isa = PBXFileReference; lastKnownFileType = text.plist.xml; path = Info.plist; sourceTree = "<group>"; };
		B33A65CB1E4A92D300EED41A /* Register.storyboard */ = {isa = PBXFileReference; fileEncoding = 4; lastKnownFileType = file.storyboard; path = Register.storyboard; sourceTree = "<group>"; };
		B3630E701E7872E40014768D /* RegisterViewController.swift */ = {isa = PBXFileReference; fileEncoding = 4; lastKnownFileType = sourcecode.swift; path = RegisterViewController.swift; sourceTree = "<group>"; };
		B3630E721E78769A0014768D /* LevelsViewController.swift */ = {isa = PBXFileReference; fileEncoding = 4; lastKnownFileType = sourcecode.swift; path = LevelsViewController.swift; sourceTree = "<group>"; };
		B3630E741E7876A60014768D /* ProfileViewController.swift */ = {isa = PBXFileReference; fileEncoding = 4; lastKnownFileType = sourcecode.swift; path = ProfileViewController.swift; sourceTree = "<group>"; };
		B3630E761E7876B10014768D /* ConfigurationViewController.swift */ = {isa = PBXFileReference; fileEncoding = 4; lastKnownFileType = sourcecode.swift; path = ConfigurationViewController.swift; sourceTree = "<group>"; };
		B36D0B3C1E78C36D0096E634 /* Levels.storyboard */ = {isa = PBXFileReference; fileEncoding = 4; lastKnownFileType = file.storyboard; path = Levels.storyboard; sourceTree = "<group>"; };
		B371F1EF1E82C21900F1990A /* BigLevelCollectionViewCell.swift */ = {isa = PBXFileReference; fileEncoding = 4; lastKnownFileType = sourcecode.swift; path = BigLevelCollectionViewCell.swift; sourceTree = "<group>"; };
		B371F1F01E82C21900F1990A /* BigLevelCollectionViewCell.xib */ = {isa = PBXFileReference; fileEncoding = 4; lastKnownFileType = file.xib; path = BigLevelCollectionViewCell.xib; sourceTree = "<group>"; };
		B371F1F41E831C5C00F1990A /* Montserrat-Bold.ttf */ = {isa = PBXFileReference; lastKnownFileType = file; path = "Montserrat-Bold.ttf"; sourceTree = "<group>"; };
		B371F1F51E831C5C00F1990A /* Montserrat-Regular.ttf */ = {isa = PBXFileReference; lastKnownFileType = file; path = "Montserrat-Regular.ttf"; sourceTree = "<group>"; };
		B3D363211E836A74003DB3ED /* SubLevel.storyboard */ = {isa = PBXFileReference; fileEncoding = 4; lastKnownFileType = file.storyboard; path = SubLevel.storyboard; sourceTree = "<group>"; };
		B3D363231E836BCE003DB3ED /* SubLevelCollectionViewCell.swift */ = {isa = PBXFileReference; fileEncoding = 4; lastKnownFileType = sourcecode.swift; path = SubLevelCollectionViewCell.swift; sourceTree = "<group>"; };
		B3D363241E836BCE003DB3ED /* SubLevelCollectionViewCell.xib */ = {isa = PBXFileReference; fileEncoding = 4; lastKnownFileType = file.xib; path = SubLevelCollectionViewCell.xib; sourceTree = "<group>"; };
		BF7B41E7C38194D96D34FF90 /* Pods_scrum_ios.framework */ = {isa = PBXFileReference; explicitFileType = wrapper.framework; includeInIndex = 0; path = Pods_scrum_ios.framework; sourceTree = BUILT_PRODUCTS_DIR; };
/* End PBXFileReference section */

/* Begin PBXFrameworksBuildPhase section */
		B33A65B31E4A8F3B00EED41A /* Frameworks */ = {
			isa = PBXFrameworksBuildPhase;
			buildActionMask = 2147483647;
			files = (
				076A8306D15923F4457652F2 /* Pods_scrum_ios.framework in Frameworks */,
			);
			runOnlyForDeploymentPostprocessing = 0;
		};
/* End PBXFrameworksBuildPhase section */

/* Begin PBXGroup section */
		9465C3DCFF37CF87830FFDB4 /* Frameworks */ = {
			isa = PBXGroup;
			children = (
				BF7B41E7C38194D96D34FF90 /* Pods_scrum_ios.framework */,
			);
			name = Frameworks;
			sourceTree = "<group>";
		};
		B33A65AD1E4A8F3B00EED41A = {
			isa = PBXGroup;
			children = (
				B33A65B81E4A8F3B00EED41A /* scrum-ios */,
				B33A65B71E4A8F3B00EED41A /* Products */,
				B371F1F31E831C5C00F1990A /* Resources */,
				FF0811CA4E5BDF956BD4BDF7 /* Pods */,
				9465C3DCFF37CF87830FFDB4 /* Frameworks */,
			);
			sourceTree = "<group>";
		};
		B33A65B71E4A8F3B00EED41A /* Products */ = {
			isa = PBXGroup;
			children = (
				B33A65B61E4A8F3B00EED41A /* scrum-ios.app */,
			);
			name = Products;
			sourceTree = "<group>";
		};
		B33A65B81E4A8F3B00EED41A /* scrum-ios */ = {
			isa = PBXGroup;
			children = (
				B36D0B3B1E78C3480096E634 /* Storyboards */,
				B371F1EE1E82C13500F1990A /* ViewControllers */,
				B33A65B91E4A8F3B00EED41A /* AppDelegate.swift */,
				B371F1EF1E82C21900F1990A /* BigLevelCollectionViewCell.swift */,
				B3D363231E836BCE003DB3ED /* SubLevelCollectionViewCell.swift */,
				B3D363241E836BCE003DB3ED /* SubLevelCollectionViewCell.xib */,
				B371F1F01E82C21900F1990A /* BigLevelCollectionViewCell.xib */,
				B33A65BB1E4A8F3B00EED41A /* ViewController.swift */,
				B33A65C01E4A8F3B00EED41A /* Assets.xcassets */,
				B33A65C51E4A8F3B00EED41A /* Info.plist */,
			);
			path = "scrum-ios";
			sourceTree = "<group>";
		};
		B36D0B3B1E78C3480096E634 /* Storyboards */ = {
			isa = PBXGroup;
			children = (
				B33A65BD1E4A8F3B00EED41A /* Main.storyboard */,
				B33A65CB1E4A92D300EED41A /* Register.storyboard */,
				B33A65C21E4A8F3B00EED41A /* LaunchScreen.storyboard */,
				B36D0B3C1E78C36D0096E634 /* Levels.storyboard */,
				B3D363211E836A74003DB3ED /* SubLevel.storyboard */,
			);
			name = Storyboards;
			sourceTree = "<group>";
		};
		B371F1EE1E82C13500F1990A /* ViewControllers */ = {
			isa = PBXGroup;
			children = (
				B3630E701E7872E40014768D /* RegisterViewController.swift */,
				B3630E721E78769A0014768D /* LevelsViewController.swift */,
				B3630E741E7876A60014768D /* ProfileViewController.swift */,
				B3630E761E7876B10014768D /* ConfigurationViewController.swift */,
			);
			name = ViewControllers;
			sourceTree = "<group>";
		};
		B371F1F31E831C5C00F1990A /* Resources */ = {
			isa = PBXGroup;
			children = (
				B371F1F41E831C5C00F1990A /* Montserrat-Bold.ttf */,
				B371F1F51E831C5C00F1990A /* Montserrat-Regular.ttf */,
			);
			name = Resources;
			path = "scrum-ios/Resources";
			sourceTree = "<group>";
		};
		FF0811CA4E5BDF956BD4BDF7 /* Pods */ = {
			isa = PBXGroup;
			children = (
				03E19FBE8DBB34FDDD09A885 /* Pods-scrum-ios.debug.xcconfig */,
				991A52B548E1232C98EA349D /* Pods-scrum-ios.release.xcconfig */,
			);
			name = Pods;
			sourceTree = "<group>";
		};
/* End PBXGroup section */

/* Begin PBXNativeTarget section */
		B33A65B51E4A8F3B00EED41A /* scrum-ios */ = {
			isa = PBXNativeTarget;
			buildConfigurationList = B33A65C81E4A8F3B00EED41A /* Build configuration list for PBXNativeTarget "scrum-ios" */;
			buildPhases = (
				7191088AC3931F07F381E6A3 /* [CP] Check Pods Manifest.lock */,
				B33A65B21E4A8F3B00EED41A /* Sources */,
				B33A65B31E4A8F3B00EED41A /* Frameworks */,
				B33A65B41E4A8F3B00EED41A /* Resources */,
				D7B924FD7EC98973356CB269 /* [CP] Embed Pods Frameworks */,
				8EAFE29661F5441243E2A5E6 /* [CP] Copy Pods Resources */,
			);
			buildRules = (
			);
			dependencies = (
			);
			name = "scrum-ios";
			productName = "scrum-ios";
			productReference = B33A65B61E4A8F3B00EED41A /* scrum-ios.app */;
			productType = "com.apple.product-type.application";
		};
/* End PBXNativeTarget section */

/* Begin PBXProject section */
		B33A65AE1E4A8F3B00EED41A /* Project object */ = {
			isa = PBXProject;
			attributes = {
				LastSwiftUpdateCheck = 0820;
				LastUpgradeCheck = 0820;
				ORGANIZATIONNAME = "Matias Glessi";
				TargetAttributes = {
					B33A65B51E4A8F3B00EED41A = {
						CreatedOnToolsVersion = 8.2.1;
						DevelopmentTeam = 82GZ32TP2H;
						ProvisioningStyle = Automatic;
					};
				};
			};
			buildConfigurationList = B33A65B11E4A8F3B00EED41A /* Build configuration list for PBXProject "scrum-ios" */;
			compatibilityVersion = "Xcode 3.2";
			developmentRegion = English;
			hasScannedForEncodings = 0;
			knownRegions = (
				en,
				Base,
			);
			mainGroup = B33A65AD1E4A8F3B00EED41A;
			productRefGroup = B33A65B71E4A8F3B00EED41A /* Products */;
			projectDirPath = "";
			projectRoot = "";
			targets = (
				B33A65B51E4A8F3B00EED41A /* scrum-ios */,
			);
		};
/* End PBXProject section */

/* Begin PBXResourcesBuildPhase section */
		B33A65B41E4A8F3B00EED41A /* Resources */ = {
			isa = PBXResourcesBuildPhase;
			buildActionMask = 2147483647;
			files = (
				B371F1F71E831C7200F1990A /* Montserrat-Regular.ttf in Resources */,
				B371F1F61E831C6E00F1990A /* Montserrat-Bold.ttf in Resources */,
				B3D363261E836BCE003DB3ED /* SubLevelCollectionViewCell.xib in Resources */,
				B371F1F21E82C21900F1990A /* BigLevelCollectionViewCell.xib in Resources */,
				B36D0B3D1E78C36D0096E634 /* Levels.storyboard in Resources */,
				B33A65C41E4A8F3B00EED41A /* LaunchScreen.storyboard in Resources */,
				B33A65C11E4A8F3B00EED41A /* Assets.xcassets in Resources */,
				B33A65BF1E4A8F3B00EED41A /* Main.storyboard in Resources */,
				B33A65CC1E4A92D300EED41A /* Register.storyboard in Resources */,
				B3D363221E836A74003DB3ED /* SubLevel.storyboard in Resources */,
			);
			runOnlyForDeploymentPostprocessing = 0;
		};
/* End PBXResourcesBuildPhase section */

/* Begin PBXShellScriptBuildPhase section */
		7191088AC3931F07F381E6A3 /* [CP] Check Pods Manifest.lock */ = {
			isa = PBXShellScriptBuildPhase;
			buildActionMask = 2147483647;
			files = (
			);
			inputPaths = (
			);
			name = "[CP] Check Pods Manifest.lock";
			outputPaths = (
			);
			runOnlyForDeploymentPostprocessing = 0;
			shellPath = /bin/sh;
			shellScript = "diff \"${PODS_ROOT}/../Podfile.lock\" \"${PODS_ROOT}/Manifest.lock\" > /dev/null\nif [ $? != 0 ] ; then\n    # print error to STDERR\n    echo \"error: The sandbox is not in sync with the Podfile.lock. Run 'pod install' or update your CocoaPods installation.\" >&2\n    exit 1\nfi\n";
			showEnvVarsInLog = 0;
		};
		8EAFE29661F5441243E2A5E6 /* [CP] Copy Pods Resources */ = {
			isa = PBXShellScriptBuildPhase;
			buildActionMask = 2147483647;
			files = (
			);
			inputPaths = (
			);
			name = "[CP] Copy Pods Resources";
			outputPaths = (
			);
			runOnlyForDeploymentPostprocessing = 0;
			shellPath = /bin/sh;
			shellScript = "\"${SRCROOT}/Pods/Target Support Files/Pods-scrum-ios/Pods-scrum-ios-resources.sh\"\n";
			showEnvVarsInLog = 0;
		};
		D7B924FD7EC98973356CB269 /* [CP] Embed Pods Frameworks */ = {
			isa = PBXShellScriptBuildPhase;
			buildActionMask = 2147483647;
			files = (
			);
			inputPaths = (
			);
			name = "[CP] Embed Pods Frameworks";
			outputPaths = (
			);
			runOnlyForDeploymentPostprocessing = 0;
			shellPath = /bin/sh;
			shellScript = "\"${SRCROOT}/Pods/Target Support Files/Pods-scrum-ios/Pods-scrum-ios-frameworks.sh\"\n";
			showEnvVarsInLog = 0;
		};
/* End PBXShellScriptBuildPhase section */

/* Begin PBXSourcesBuildPhase section */
		B33A65B21E4A8F3B00EED41A /* Sources */ = {
			isa = PBXSourcesBuildPhase;
			buildActionMask = 2147483647;
			files = (
				B3D363251E836BCE003DB3ED /* SubLevelCollectionViewCell.swift in Sources */,
				B3630E711E7872E40014768D /* RegisterViewController.swift in Sources */,
				B33A65BC1E4A8F3B00EED41A /* ViewController.swift in Sources */,
				B3630E751E7876A60014768D /* ProfileViewController.swift in Sources */,
				B33A65BA1E4A8F3B00EED41A /* AppDelegate.swift in Sources */,
				B3630E731E78769A0014768D /* LevelsViewController.swift in Sources */,
				B3630E771E7876B10014768D /* ConfigurationViewController.swift in Sources */,
				B371F1F11E82C21900F1990A /* BigLevelCollectionViewCell.swift in Sources */,
			);
			runOnlyForDeploymentPostprocessing = 0;
		};
/* End PBXSourcesBuildPhase section */

/* Begin PBXVariantGroup section */
		B33A65BD1E4A8F3B00EED41A /* Main.storyboard */ = {
			isa = PBXVariantGroup;
			children = (
				B33A65BE1E4A8F3B00EED41A /* Base */,
			);
			name = Main.storyboard;
			sourceTree = "<group>";
		};
		B33A65C21E4A8F3B00EED41A /* LaunchScreen.storyboard */ = {
			isa = PBXVariantGroup;
			children = (
				B33A65C31E4A8F3B00EED41A /* Base */,
			);
			name = LaunchScreen.storyboard;
			sourceTree = "<group>";
		};
/* End PBXVariantGroup section */

/* Begin XCBuildConfiguration section */
		B33A65C61E4A8F3B00EED41A /* Debug */ = {
			isa = XCBuildConfiguration;
			buildSettings = {
				ALWAYS_SEARCH_USER_PATHS = NO;
				CLANG_ANALYZER_NONNULL = YES;
				CLANG_CXX_LANGUAGE_STANDARD = "gnu++0x";
				CLANG_CXX_LIBRARY = "libc++";
				CLANG_ENABLE_MODULES = YES;
				CLANG_ENABLE_OBJC_ARC = YES;
				CLANG_WARN_BOOL_CONVERSION = YES;
				CLANG_WARN_CONSTANT_CONVERSION = YES;
				CLANG_WARN_DIRECT_OBJC_ISA_USAGE = YES_ERROR;
				CLANG_WARN_DOCUMENTATION_COMMENTS = YES;
				CLANG_WARN_EMPTY_BODY = YES;
				CLANG_WARN_ENUM_CONVERSION = YES;
				CLANG_WARN_INFINITE_RECURSION = YES;
				CLANG_WARN_INT_CONVERSION = YES;
				CLANG_WARN_OBJC_ROOT_CLASS = YES_ERROR;
				CLANG_WARN_SUSPICIOUS_MOVE = YES;
				CLANG_WARN_UNREACHABLE_CODE = YES;
				CLANG_WARN__DUPLICATE_METHOD_MATCH = YES;
				"CODE_SIGN_IDENTITY[sdk=iphoneos*]" = "iPhone Developer";
				COPY_PHASE_STRIP = NO;
				DEBUG_INFORMATION_FORMAT = dwarf;
				ENABLE_STRICT_OBJC_MSGSEND = YES;
				ENABLE_TESTABILITY = YES;
				GCC_C_LANGUAGE_STANDARD = gnu99;
				GCC_DYNAMIC_NO_PIC = NO;
				GCC_NO_COMMON_BLOCKS = YES;
				GCC_OPTIMIZATION_LEVEL = 0;
				GCC_PREPROCESSOR_DEFINITIONS = (
					"DEBUG=1",
					"$(inherited)",
				);
				GCC_WARN_64_TO_32_BIT_CONVERSION = YES;
				GCC_WARN_ABOUT_RETURN_TYPE = YES_ERROR;
				GCC_WARN_UNDECLARED_SELECTOR = YES;
				GCC_WARN_UNINITIALIZED_AUTOS = YES_AGGRESSIVE;
				GCC_WARN_UNUSED_FUNCTION = YES;
				GCC_WARN_UNUSED_VARIABLE = YES;
				IPHONEOS_DEPLOYMENT_TARGET = 10.2;
				MTL_ENABLE_DEBUG_INFO = YES;
				ONLY_ACTIVE_ARCH = YES;
				SDKROOT = iphoneos;
				SWIFT_ACTIVE_COMPILATION_CONDITIONS = DEBUG;
				SWIFT_OPTIMIZATION_LEVEL = "-Onone";
				TARGETED_DEVICE_FAMILY = "1,2";
			};
			name = Debug;
		};
		B33A65C71E4A8F3B00EED41A /* Release */ = {
			isa = XCBuildConfiguration;
			buildSettings = {
				ALWAYS_SEARCH_USER_PATHS = NO;
				CLANG_ANALYZER_NONNULL = YES;
				CLANG_CXX_LANGUAGE_STANDARD = "gnu++0x";
				CLANG_CXX_LIBRARY = "libc++";
				CLANG_ENABLE_MODULES = YES;
				CLANG_ENABLE_OBJC_ARC = YES;
				CLANG_WARN_BOOL_CONVERSION = YES;
				CLANG_WARN_CONSTANT_CONVERSION = YES;
				CLANG_WARN_DIRECT_OBJC_ISA_USAGE = YES_ERROR;
				CLANG_WARN_DOCUMENTATION_COMMENTS = YES;
				CLANG_WARN_EMPTY_BODY = YES;
				CLANG_WARN_ENUM_CONVERSION = YES;
				CLANG_WARN_INFINITE_RECURSION = YES;
				CLANG_WARN_INT_CONVERSION = YES;
				CLANG_WARN_OBJC_ROOT_CLASS = YES_ERROR;
				CLANG_WARN_SUSPICIOUS_MOVE = YES;
				CLANG_WARN_UNREACHABLE_CODE = YES;
				CLANG_WARN__DUPLICATE_METHOD_MATCH = YES;
				"CODE_SIGN_IDENTITY[sdk=iphoneos*]" = "iPhone Developer";
				COPY_PHASE_STRIP = NO;
				DEBUG_INFORMATION_FORMAT = "dwarf-with-dsym";
				ENABLE_NS_ASSERTIONS = NO;
				ENABLE_STRICT_OBJC_MSGSEND = YES;
				GCC_C_LANGUAGE_STANDARD = gnu99;
				GCC_NO_COMMON_BLOCKS = YES;
				GCC_WARN_64_TO_32_BIT_CONVERSION = YES;
				GCC_WARN_ABOUT_RETURN_TYPE = YES_ERROR;
				GCC_WARN_UNDECLARED_SELECTOR = YES;
				GCC_WARN_UNINITIALIZED_AUTOS = YES_AGGRESSIVE;
				GCC_WARN_UNUSED_FUNCTION = YES;
				GCC_WARN_UNUSED_VARIABLE = YES;
				IPHONEOS_DEPLOYMENT_TARGET = 10.2;
				MTL_ENABLE_DEBUG_INFO = NO;
				SDKROOT = iphoneos;
				SWIFT_OPTIMIZATION_LEVEL = "-Owholemodule";
				TARGETED_DEVICE_FAMILY = "1,2";
				VALIDATE_PRODUCT = YES;
			};
			name = Release;
		};
		B33A65C91E4A8F3B00EED41A /* Debug */ = {
			isa = XCBuildConfiguration;
			baseConfigurationReference = 03E19FBE8DBB34FDDD09A885 /* Pods-scrum-ios.debug.xcconfig */;
			buildSettings = {
				ALWAYS_EMBED_SWIFT_STANDARD_LIBRARIES = YES;
				ASSETCATALOG_COMPILER_APPICON_NAME = AppIcon;
				DEVELOPMENT_TEAM = 82GZ32TP2H;
				INFOPLIST_FILE = "scrum-ios/Info.plist";
				LD_RUNPATH_SEARCH_PATHS = "$(inherited) @executable_path/Frameworks";
				PRODUCT_BUNDLE_IDENTIFIER = "com.matiasglessi.scrum-ios";
				PRODUCT_NAME = "$(TARGET_NAME)";
				SWIFT_VERSION = 3.0;
			};
			name = Debug;
		};
		B33A65CA1E4A8F3B00EED41A /* Release */ = {
			isa = XCBuildConfiguration;
			baseConfigurationReference = 991A52B548E1232C98EA349D /* Pods-scrum-ios.release.xcconfig */;
			buildSettings = {
				ALWAYS_EMBED_SWIFT_STANDARD_LIBRARIES = YES;
				ASSETCATALOG_COMPILER_APPICON_NAME = AppIcon;
				DEVELOPMENT_TEAM = 82GZ32TP2H;
				INFOPLIST_FILE = "scrum-ios/Info.plist";
				LD_RUNPATH_SEARCH_PATHS = "$(inherited) @executable_path/Frameworks";
				PRODUCT_BUNDLE_IDENTIFIER = "com.matiasglessi.scrum-ios";
				PRODUCT_NAME = "$(TARGET_NAME)";
				SWIFT_VERSION = 3.0;
			};
			name = Release;
		};
/* End XCBuildConfiguration section */

/* Begin XCConfigurationList section */
		B33A65B11E4A8F3B00EED41A /* Build configuration list for PBXProject "scrum-ios" */ = {
			isa = XCConfigurationList;
			buildConfigurations = (
				B33A65C61E4A8F3B00EED41A /* Debug */,
				B33A65C71E4A8F3B00EED41A /* Release */,
			);
			defaultConfigurationIsVisible = 0;
			defaultConfigurationName = Release;
		};
		B33A65C81E4A8F3B00EED41A /* Build configuration list for PBXNativeTarget "scrum-ios" */ = {
			isa = XCConfigurationList;
			buildConfigurations = (
				B33A65C91E4A8F3B00EED41A /* Debug */,
				B33A65CA1E4A8F3B00EED41A /* Release */,
			);
			defaultConfigurationIsVisible = 0;
			defaultConfigurationName = Release;
		};
/* End XCConfigurationList section */
	};
	rootObject = B33A65AE1E4A8F3B00EED41A /* Project object */;
}
